
Microsoft Visual Studio Solution File, Format Version 12.00
# Visual Studio Version 17
VisualStudioVersion = 17.10.35013.160
MinimumVisualStudioVersion = 10.0.40219.1
Project("{FAE04EC0-301F-11D3-BF4B-00C04F79EFBC}") = "CaptionAPI", "CaptionAPI.csproj", "{18527411-3388-4784-9B54-E3764F7DAF7F}"
EndProject
Global
	GlobalSection(SolutionConfigurationPlatforms) = preSolution
		Debug|Any CPU = Debug|Any CPU
		Release|Any CPU = Release|Any CPU
	EndGlobalSection
	GlobalSection(ProjectConfigurationPlatforms) = postSolution
		{18527411-3388-4784-9B54-E3764F7DAF7F}.Debug|Any CPU.ActiveCfg = Debug|Any CPU
		{18527411-3388-4784-9B54-E3764F7DAF7F}.Debug|Any CPU.Build.0 = Debug|Any CPU
		{18527411-3388-4784-9B54-E3764F7DAF7F}.Release|Any CPU.ActiveCfg = Release|Any CPU
		{18527411-3388-4784-9B54-E3764F7DAF7F}.Release|Any CPU.Build.0 = Release|Any CPU
	EndGlobalSection
	GlobalSection(SolutionProperties) = preSolution
		HideSolutionNode = FALSE
	EndGlobalSection
	GlobalSection(ExtensibilityGlobals) = postSolution
		SolutionGuid = {5853D52F-E0AA-42A5-8BDA-814EB2DC5641}
	EndGlobalSection
EndGlobal
