
Microsoft Visual Studio Solution File, Format Version 12.00
# Visual Studio Version 17
VisualStudioVersion = 17.10.35013.160
MinimumVisualStudioVersion = 10.0.40219.1
Project("{FAE04EC0-301F-11D3-BF4B-00C04F79EFBC}") = "Speech_translate_console", "Speech_translate_console.csproj", "{BDDF4F03-81FE-4231-8C5A-E04BA2FDF434}"
EndProject
Global
	GlobalSection(SolutionConfigurationPlatforms) = preSolution
		Debug|Any CPU = Debug|Any CPU
		Release|Any CPU = Release|Any CPU
	EndGlobalSection
	GlobalSection(ProjectConfigurationPlatforms) = postSolution
		{BDDF4F03-81FE-4231-8C5A-E04BA2FDF434}.Debug|Any CPU.ActiveCfg = Debug|Any CPU
		{BDDF4F03-81FE-4231-8C5A-E04BA2FDF434}.Debug|Any CPU.Build.0 = Debug|Any CPU
		{BDDF4F03-81FE-4231-8C5A-E04BA2FDF434}.Release|Any CPU.ActiveCfg = Release|Any CPU
		{BDDF4F03-81FE-4231-8C5A-E04BA2FDF434}.Release|Any CPU.Build.0 = Release|Any CPU
	EndGlobalSection
	GlobalSection(SolutionProperties) = preSolution
		HideSolutionNode = FALSE
	EndGlobalSection
	GlobalSection(ExtensibilityGlobals) = postSolution
		SolutionGuid = {BF98C8E8-ADD9-47DB-A3D1-DD52A597167A}
	EndGlobalSection
EndGlobal
